// !$*UTF8*$!
{
	archiveVersion = 1;
	classes = {
	};
	objectVersion = 77;
	objects = {

/* Begin PBXContainerItemProxy section */
		C940816A2DDBB70D0058EBA3 /* PBXContainerItemProxy */ = {
			isa = PBXContainerItemProxy;
			containerPortal = C940814B2DDBB70C0058EBA3 /* Project object */;
			proxyType = 1;
			remoteGlobalIDString = C94081522DDBB70C0058EBA3;
			remoteInfo = UISwitchCurso;
		};
		C94081742DDBB70D0058EBA3 /* PBXContainerItemProxy */ = {
			isa = PBXContainerItemProxy;
			containerPortal = C940814B2DDBB70C0058EBA3 /* Project object */;
			proxyType = 1;
			remoteGlobalIDString = C94081522DDBB70C0058EBA3;
			remoteInfo = UISwitchCurso;
		};
/* End PBXContainerItemProxy section */

/* Begin PBXFileReference section */
		C94081532DDBB70C0058EBA3 /* UISwitchCurso.app */ = {isa = PBXFileReference; explicitFileType = wrapper.application; includeInIndex = 0; path = UISwitchCurso.app; sourceTree = BUILT_PRODUCTS_DIR; };
		C94081692DDBB70D0058EBA3 /* UISwitchCursoTests.xctest */ = {isa = PBXFileReference; explicitFileType = wrapper.cfbundle; includeInIndex = 0; path = UISwitchCursoTests.xctest; sourceTree = BUILT_PRODUCTS_DIR; };
		C94081732DDBB70D0058EBA3 /* UISwitchCursoUITests.xctest */ = {isa = PBXFileReference; explicitFileType = wrapper.cfbundle; includeInIndex = 0; path = UISwitchCursoUITests.xctest; sourceTree = BUILT_PRODUCTS_DIR; };
/* End PBXFileReference section */

/* Begin PBXFileSystemSynchronizedBuildFileExceptionSet section */
		C940817B2DDBB70D0058EBA3 /* Exceptions for "UISwitchCurso" folder in "UISwitchCurso" target */ = {
			isa = PBXFileSystemSynchronizedBuildFileExceptionSet;
			membershipExceptions = (
				Info.plist,
			);
			target = C94081522DDBB70C0058EBA3 /* UISwitchCurso */;
		};
/* End PBXFileSystemSynchronizedBuildFileExceptionSet section */

/* Begin PBXFileSystemSynchronizedRootGroup section */
		C94081552DDBB70C0058EBA3 /* UISwitchCurso */ = {
			isa = PBXFileSystemSynchronizedRootGroup;
			exceptions = (
				C940817B2DDBB70D0058EBA3 /* Exceptions for "UISwitchCurso" folder in "UISwitchCurso" target */,
			);
			path = UISwitchCurso;
			sourceTree = "<group>";
		};
		C940816C2DDBB70D0058EBA3 /* UISwitchCursoTests */ = {
			isa = PBXFileSystemSynchronizedRootGroup;
			path = UISwitchCursoTests;
			sourceTree = "<group>";
		};
		C94081762DDBB70D0058EBA3 /* UISwitchCursoUITests */ = {
			isa = PBXFileSystemSynchronizedRootGroup;
			path = UISwitchCursoUITests;
			sourceTree = "<group>";
		};
/* End PBXFileSystemSynchronizedRootGroup section */

/* Begin PBXFrameworksBuildPhase section */
		C94081502DDBB70C0058EBA3 /* Frameworks */ = {
			isa = PBXFrameworksBuildPhase;
			buildActionMask = 2147483647;
			files = (
			);
			runOnlyForDeploymentPostprocessing = 0;
		};
		C94081662DDBB70D0058EBA3 /* Frameworks */ = {
			isa = PBXFrameworksBuildPhase;
			buildActionMask = 2147483647;
			files = (
			);
			runOnlyForDeploymentPostprocessing = 0;
		};
		C94081702DDBB70D0058EBA3 /* Frameworks */ = {
			isa = PBXFrameworksBuildPhase;
			buildActionMask = 2147483647;
			files = (
			);
			runOnlyForDeploymentPostprocessing = 0;
		};
/* End PBXFrameworksBuildPhase section */

/* Begin PBXGroup section */
		C940814A2DDBB70C0058EBA3 = {
			isa = PBXGroup;
			children = (
				C94081552DDBB70C0058EBA3 /* UISwitchCurso */,
				C940816C2DDBB70D0058EBA3 /* UISwitchCursoTests */,
				C94081762DDBB70D0058EBA3 /* UISwitchCursoUITests */,
				C94081542DDBB70C0058EBA3 /* Products */,
			);
			sourceTree = "<group>";
		};
		C94081542DDBB70C0058EBA3 /* Products */ = {
			isa = PBXGroup;
			children = (
				C94081532DDBB70C0058EBA3 /* UISwitchCurso.app */,
				C94081692DDBB70D0058EBA3 /* UISwitchCursoTests.xctest */,
				C94081732DDBB70D0058EBA3 /* UISwitchCursoUITests.xctest */,
			);
			name = Products;
			sourceTree = "<group>";
		};
/* End PBXGroup section */

/* Begin PBXNativeTarget section */
		C94081522DDBB70C0058EBA3 /* UISwitchCurso */ = {
			isa = PBXNativeTarget;
			buildConfigurationList = C940817C2DDBB70D0058EBA3 /* Build configuration list for PBXNativeTarget "UISwitchCurso" */;
			buildPhases = (
				C940814F2DDBB70C0058EBA3 /* Sources */,
				C94081502DDBB70C0058EBA3 /* Frameworks */,
				C94081512DDBB70C0058EBA3 /* Resources */,
			);
			buildRules = (
			);
			dependencies = (
			);
			fileSystemSynchronizedGroups = (
				C94081552DDBB70C0058EBA3 /* UISwitchCurso */,
			);
			name = UISwitchCurso;
			packageProductDependencies = (
			);
			productName = UISwitchCurso;
			productReference = C94081532DDBB70C0058EBA3 /* UISwitchCurso.app */;
			productType = "com.apple.product-type.application";
		};
		C94081682DDBB70D0058EBA3 /* UISwitchCursoTests */ = {
			isa = PBXNativeTarget;
			buildConfigurationList = C94081812DDBB70D0058EBA3 /* Build configuration list for PBXNativeTarget "UISwitchCursoTests" */;
			buildPhases = (
				C94081652DDBB70D0058EBA3 /* Sources */,
				C94081662DDBB70D0058EBA3 /* Frameworks */,
				C94081672DDBB70D0058EBA3 /* Resources */,
			);
			buildRules = (
			);
			dependencies = (
				C940816B2DDBB70D0058EBA3 /* PBXTargetDependency */,
			);
			fileSystemSynchronizedGroups = (
				C940816C2DDBB70D0058EBA3 /* UISwitchCursoTests */,
			);
			name = UISwitchCursoTests;
			packageProductDependencies = (
			);
			productName = UISwitchCursoTests;
			productReference = C94081692DDBB70D0058EBA3 /* UISwitchCursoTests.xctest */;
			productType = "com.apple.product-type.bundle.unit-test";
		};
		C94081722DDBB70D0058EBA3 /* UISwitchCursoUITests */ = {
			isa = PBXNativeTarget;
			buildConfigurationList = C94081842DDBB70D0058EBA3 /* Build configuration list for PBXNativeTarget "UISwitchCursoUITests" */;
			buildPhases = (
				C940816F2DDBB70D0058EBA3 /* Sources */,
				C94081702DDBB70D0058EBA3 /* Frameworks */,
				C94081712DDBB70D0058EBA3 /* Resources */,
			);
			buildRules = (
			);
			dependencies = (
				C94081752DDBB70D0058EBA3 /* PBXTargetDependency */,
			);
			fileSystemSynchronizedGroups = (
				C94081762DDBB70D0058EBA3 /* UISwitchCursoUITests */,
			);
			name = UISwitchCursoUITests;
			packageProductDependencies = (
			);
			productName = UISwitchCursoUITests;
			productReference = C94081732DDBB70D0058EBA3 /* UISwitchCursoUITests.xctest */;
			productType = "com.apple.product-type.bundle.ui-testing";
		};
/* End PBXNativeTarget section */

/* Begin PBXProject section */
		C940814B2DDBB70C0058EBA3 /* Project object */ = {
			isa = PBXProject;
			attributes = {
				BuildIndependentTargetsInParallel = 1;
				LastSwiftUpdateCheck = 1620;
				LastUpgradeCheck = 1620;
				TargetAttributes = {
					C94081522DDBB70C0058EBA3 = {
						CreatedOnToolsVersion = 16.2;
					};
					C94081682DDBB70D0058EBA3 = {
						CreatedOnToolsVersion = 16.2;
						TestTargetID = C94081522DDBB70C0058EBA3;
					};
					C94081722DDBB70D0058EBA3 = {
						CreatedOnToolsVersion = 16.2;
						TestTargetID = C94081522DDBB70C0058EBA3;
					};
				};
			};
			buildConfigurationList = C940814E2DDBB70C0058EBA3 /* Build configuration list for PBXProject "UISwitchCurso" */;
			developmentRegion = en;
			hasScannedForEncodings = 0;
			knownRegions = (
				en,
				Base,
			);
			mainGroup = C940814A2DDBB70C0058EBA3;
			minimizedProjectReferenceProxies = 1;
			preferredProjectObjectVersion = 77;
			productRefGroup = C94081542DDBB70C0058EBA3 /* Products */;
			projectDirPath = "";
			projectRoot = "";
			targets = (
				C94081522DDBB70C0058EBA3 /* UISwitchCurso */,
				C94081682DDBB70D0058EBA3 /* UISwitchCursoTests */,
				C94081722DDBB70D0058EBA3 /* UISwitchCursoUITests */,
			);
		};
/* End PBXProject section */

/* Begin PBXResourcesBuildPhase section */
		C94081512DDBB70C0058EBA3 /* Resources */ = {
			isa = PBXResourcesBuildPhase;
			buildActionMask = 2147483647;
			files = (
			);
			runOnlyForDeploymentPostprocessing = 0;
		};
		C94081672DDBB70D0058EBA3 /* Resources */ = {
			isa = PBXResourcesBuildPhase;
			buildActionMask = 2147483647;
			files = (
			);
			runOnlyForDeploymentPostprocessing = 0;
		};
		C94081712DDBB70D0058EBA3 /* Resources */ = {
			isa = PBXResourcesBuildPhase;
			buildActionMask = 2147483647;
			files = (
			);
			runOnlyForDeploymentPostprocessing = 0;
		};
/* End PBXResourcesBuildPhase section */

/* Begin PBXSourcesBuildPhase section */
		C940814F2DDBB70C0058EBA3 /* Sources */ = {
			isa = PBXSourcesBuildPhase;
			buildActionMask = 2147483647;
			files = (
			);
			runOnlyForDeploymentPostprocessing = 0;
		};
		C94081652DDBB70D0058EBA3 /* Sources */ = {
			isa = PBXSourcesBuildPhase;
			buildActionMask = 2147483647;
			files = (
			);
			runOnlyForDeploymentPostprocessing = 0;
		};
		C940816F2DDBB70D0058EBA3 /* Sources */ = {
			isa = PBXSourcesBuildPhase;
			buildActionMask = 2147483647;
			files = (
			);
			runOnlyForDeploymentPostprocessing = 0;
		};
/* End PBXSourcesBuildPhase section */

/* Begin PBXTargetDependency section */
		C940816B2DDBB70D0058EBA3 /* PBXTargetDependency */ = {
			isa = PBXTargetDependency;
			target = C94081522DDBB70C0058EBA3 /* UISwitchCurso */;
			targetProxy = C940816A2DDBB70D0058EBA3 /* PBXContainerItemProxy */;
		};
		C94081752DDBB70D0058EBA3 /* PBXTargetDependency */ = {
			isa = PBXTargetDependency;
			target = C94081522DDBB70C0058EBA3 /* UISwitchCurso */;
			targetProxy = C94081742DDBB70D0058EBA3 /* PBXContainerItemProxy */;
		};
/* End PBXTargetDependency section */

/* Begin XCBuildConfiguration section */
		C940817D2DDBB70D0058EBA3 /* Debug */ = {
			isa = XCBuildConfiguration;
			buildSettings = {
				ASSETCATALOG_COMPILER_APPICON_NAME = AppIcon;
				ASSETCATALOG_COMPILER_GLOBAL_ACCENT_COLOR_NAME = AccentColor;
				CODE_SIGN_STYLE = Automatic;
				CURRENT_PROJECT_VERSION = 1;
				GENERATE_INFOPLIST_FILE = YES;
				INFOPLIST_FILE = UISwitchCurso/Info.plist;
				INFOPLIST_KEY_UIApplicationSupportsIndirectInputEvents = YES;
				INFOPLIST_KEY_UILaunchStoryboardName = LaunchScreen;
				INFOPLIST_KEY_UIMainStoryboardFile = Main;
				INFOPLIST_KEY_UISupportedInterfaceOrientations_iPad = "UIInterfaceOrientationPortrait UIInterfaceOrientationPortraitUpsideDown UIInterfaceOrientationLandscapeLeft UIInterfaceOrientationLandscapeRight";
				INFOPLIST_KEY_UISupportedInterfaceOrientations_iPhone = "UIInterfaceOrientationPortrait UIInterfaceOrientationLandscapeLeft UIInterfaceOrientationLandscapeRight";
				LD_RUNPATH_SEARCH_PATHS = (
					"$(inherited)",
					"@executable_path/Frameworks",
				);
				MARKETING_VERSION = 1.0;
				PRODUCT_BUNDLE_IDENTIFIER = none.UISwitchCurso;
				PRODUCT_NAME = "$(TARGET_NAME)";
				SWIFT_EMIT_LOC_STRINGS = YES;
				SWIFT_VERSION = 5.0;
				TARGETED_DEVICE_FAMILY = "1,2";
			};
			name = Debug;
		};
		C940817E2DDBB70D0058EBA3 /* Release */ = {
			isa = XCBuildConfiguration;
			buildSettings = {
				ASSETCATALOG_COMPILER_APPICON_NAME = AppIcon;
				ASSETCATALOG_COMPILER_GLOBAL_ACCENT_COLOR_NAME = AccentColor;
				CODE_SIGN_STYLE = Automatic;
				CURRENT_PROJECT_VERSION = 1;
				GENERATE_INFOPLIST_FILE = YES;
				INFOPLIST_FILE = UISwitchCurso/Info.plist;
				INFOPLIST_KEY_UIApplicationSupportsIndirectInputEvents = YES;
				INFOPLIST_KEY_UILaunchStoryboardName = LaunchScreen;
				INFOPLIST_KEY_UIMainStoryboardFile = Main;
				INFOPLIST_KEY_UISupportedInterfaceOrientations_iPad = "UIInterfaceOrientationPortrait UIInterfaceOrientationPortraitUpsideDown UIInterfaceOrientationLandscapeLeft UIInterfaceOrientationLandscapeRight";
				INFOPLIST_KEY_UISupportedInterfaceOrientations_iPhone = "UIInterfaceOrientationPortrait UIInterfaceOrientationLandscapeLeft UIInterfaceOrientationLandscapeRight";
				LD_RUNPATH_SEARCH_PATHS = (
					"$(inherited)",
					"@executable_path/Frameworks",
				);
				MARKETING_VERSION = 1.0;
				PRODUCT_BUNDLE_IDENTIFIER = none.UISwitchCurso;
				PRODUCT_NAME = "$(TARGET_NAME)";
				SWIFT_EMIT_LOC_STRINGS = YES;
				SWIFT_VERSION = 5.0;
				TARGETED_DEVICE_FAMILY = "1,2";
			};
			name = Release;
		};
		C940817F2DDBB70D0058EBA3 /* Debug */ = {
			isa = XCBuildConfiguration;
			buildSettings = {
				ALWAYS_SEARCH_USER_PATHS = NO;
				ASSETCATALOG_COMPILER_GENERATE_SWIFT_ASSET_SYMBOL_EXTENSIONS = YES;
				CLANG_ANALYZER_NONNULL = YES;
				CLANG_ANALYZER_NUMBER_OBJECT_CONVERSION = YES_AGGRESSIVE;
				CLANG_CXX_LANGUAGE_STANDARD = "gnu++20";
				CLANG_ENABLE_MODULES = YES;
				CLANG_ENABLE_OBJC_ARC = YES;
				CLANG_ENABLE_OBJC_WEAK = YES;
				CLANG_WARN_BLOCK_CAPTURE_AUTORELEASING = YES;
				CLANG_WARN_BOOL_CONVERSION = YES;
				CLANG_WARN_COMMA = YES;
				CLANG_WARN_CONSTANT_CONVERSION = YES;
				CLANG_WARN_DEPRECATED_OBJC_IMPLEMENTATIONS = YES;
				CLANG_WARN_DIRECT_OBJC_ISA_USAGE = YES_ERROR;
				CLANG_WARN_DOCUMENTATION_COMMENTS = YES;
				CLANG_WARN_EMPTY_BODY = YES;
				CLANG_WARN_ENUM_CONVERSION = YES;
				CLANG_WARN_INFINITE_RECURSION = YES;
				CLANG_WARN_INT_CONVERSION = YES;
				CLANG_WARN_NON_LITERAL_NULL_CONVERSION = YES;
				CLANG_WARN_OBJC_IMPLICIT_RETAIN_SELF = YES;
				CLANG_WARN_OBJC_LITERAL_CONVERSION = YES;
				CLANG_WARN_OBJC_ROOT_CLASS = YES_ERROR;
				CLANG_WARN_QUOTED_INCLUDE_IN_FRAMEWORK_HEADER = YES;
				CLANG_WARN_RANGE_LOOP_ANALYSIS = YES;
				CLANG_WARN_STRICT_PROTOTYPES = YES;
				CLANG_WARN_SUSPICIOUS_MOVE = YES;
				CLANG_WARN_UNGUARDED_AVAILABILITY = YES_AGGRESSIVE;
				CLANG_WARN_UNREACHABLE_CODE = YES;
				CLANG_WARN__DUPLICATE_METHOD_MATCH = YES;
				COPY_PHASE_STRIP = NO;
				DEBUG_INFORMATION_FORMAT = dwarf;
				ENABLE_STRICT_OBJC_MSGSEND = YES;
				ENABLE_TESTABILITY = YES;
				ENABLE_USER_SCRIPT_SANDBOXING = YES;
				GCC_C_LANGUAGE_STANDARD = gnu17;
				GCC_DYNAMIC_NO_PIC = NO;
				GCC_NO_COMMON_BLOCKS = YES;
				GCC_OPTIMIZATION_LEVEL = 0;
				GCC_PREPROCESSOR_DEFINITIONS = (
					"DEBUG=1",
					"$(inherited)",
				);
				GCC_WARN_64_TO_32_BIT_CONVERSION = YES;
				GCC_WARN_ABOUT_RETURN_TYPE = YES_ERROR;
				GCC_WARN_UNDECLARED_SELECTOR = YES;
				GCC_WARN_UNINITIALIZED_AUTOS = YES_AGGRESSIVE;
				GCC_WARN_UNUSED_FUNCTION = YES;
				GCC_WARN_UNUSED_VARIABLE = YES;
				IPHONEOS_DEPLOYMENT_TARGET = 18.2;
				LOCALIZATION_PREFERS_STRING_CATALOGS = YES;
				MTL_ENABLE_DEBUG_INFO = INCLUDE_SOURCE;
				MTL_FAST_MATH = YES;
				ONLY_ACTIVE_ARCH = YES;
				SDKROOT = iphoneos;
				SWIFT_ACTIVE_COMPILATION_CONDITIONS = "DEBUG $(inherited)";
				SWIFT_OPTIMIZATION_LEVEL = "-Onone";
			};
			name = Debug;
		};
		C94081802DDBB70D0058EBA3 /* Release */ = {
			isa = XCBuildConfiguration;
			buildSettings = {
				ALWAYS_SEARCH_USER_PATHS = NO;
				ASSETCATALOG_COMPILER_GENERATE_SWIFT_ASSET_SYMBOL_EXTENSIONS = YES;
				CLANG_ANALYZER_NONNULL = YES;
				CLANG_ANALYZER_NUMBER_OBJECT_CONVERSION = YES_AGGRESSIVE;
				CLANG_CXX_LANGUAGE_STANDARD = "gnu++20";
				CLANG_ENABLE_MODULES = YES;
				CLANG_ENABLE_OBJC_ARC = YES;
				CLANG_ENABLE_OBJC_WEAK = YES;
				CLANG_WARN_BLOCK_CAPTURE_AUTORELEASING = YES;
				CLANG_WARN_BOOL_CONVERSION = YES;
				CLANG_WARN_COMMA = YES;
				CLANG_WARN_CONSTANT_CONVERSION = YES;
				CLANG_WARN_DEPRECATED_OBJC_IMPLEMENTATIONS = YES;
				CLANG_WARN_DIRECT_OBJC_ISA_USAGE = YES_ERROR;
				CLANG_WARN_DOCUMENTATION_COMMENTS = YES;
				CLANG_WARN_EMPTY_BODY = YES;
				CLANG_WARN_ENUM_CONVERSION = YES;
				CLANG_WARN_INFINITE_RECURSION = YES;
				CLANG_WARN_INT_CONVERSION = YES;
				CLANG_WARN_NON_LITERAL_NULL_CONVERSION = YES;
				CLANG_WARN_OBJC_IMPLICIT_RETAIN_SELF = YES;
				CLANG_WARN_OBJC_LITERAL_CONVERSION = YES;
				CLANG_WARN_OBJC_ROOT_CLASS = YES_ERROR;
				CLANG_WARN_QUOTED_INCLUDE_IN_FRAMEWORK_HEADER = YES;
				CLANG_WARN_RANGE_LOOP_ANALYSIS = YES;
				CLANG_WARN_STRICT_PROTOTYPES = YES;
				CLANG_WARN_SUSPICIOUS_MOVE = YES;
				CLANG_WARN_UNGUARDED_AVAILABILITY = YES_AGGRESSIVE;
				CLANG_WARN_UNREACHABLE_CODE = YES;
				CLANG_WARN__DUPLICATE_METHOD_MATCH = YES;
				COPY_PHASE_STRIP = NO;
				DEBUG_INFORMATION_FORMAT = "dwarf-with-dsym";
				ENABLE_NS_ASSERTIONS = NO;
				ENABLE_STRICT_OBJC_MSGSEND = YES;
				ENABLE_USER_SCRIPT_SANDBOXING = YES;
				GCC_C_LANGUAGE_STANDARD = gnu17;
				GCC_NO_COMMON_BLOCKS = YES;
				GCC_WARN_64_TO_32_BIT_CONVERSION = YES;
				GCC_WARN_ABOUT_RETURN_TYPE = YES_ERROR;
				GCC_WARN_UNDECLARED_SELECTOR = YES;
				GCC_WARN_UNINITIALIZED_AUTOS = YES_AGGRESSIVE;
				GCC_WARN_UNUSED_FUNCTION = YES;
				GCC_WARN_UNUSED_VARIABLE = YES;
				IPHONEOS_DEPLOYMENT_TARGET = 18.2;
				LOCALIZATION_PREFERS_STRING_CATALOGS = YES;
				MTL_ENABLE_DEBUG_INFO = NO;
				MTL_FAST_MATH = YES;
				SDKROOT = iphoneos;
				SWIFT_COMPILATION_MODE = wholemodule;
				VALIDATE_PRODUCT = YES;
			};
			name = Release;
		};
		C94081822DDBB70D0058EBA3 /* Debug */ = {
			isa = XCBuildConfiguration;
			buildSettings = {
				BUNDLE_LOADER = "$(TEST_HOST)";
				CODE_SIGN_STYLE = Automatic;
				CURRENT_PROJECT_VERSION = 1;
				GENERATE_INFOPLIST_FILE = YES;
				IPHONEOS_DEPLOYMENT_TARGET = 18.2;
				MARKETING_VERSION = 1.0;
				PRODUCT_BUNDLE_IDENTIFIER = none.UISwitchCursoTests;
				PRODUCT_NAME = "$(TARGET_NAME)";
				SWIFT_EMIT_LOC_STRINGS = NO;
				SWIFT_VERSION = 5.0;
				TARGETED_DEVICE_FAMILY = "1,2";
				TEST_HOST = "$(BUILT_PRODUCTS_DIR)/UISwitchCurso.app/$(BUNDLE_EXECUTABLE_FOLDER_PATH)/UISwitchCurso";
			};
			name = Debug;
		};
		C94081832DDBB70D0058EBA3 /* Release */ = {
			isa = XCBuildConfiguration;
			buildSettings = {
				BUNDLE_LOADER = "$(TEST_HOST)";
				CODE_SIGN_STYLE = Automatic;
				CURRENT_PROJECT_VERSION = 1;
				GENERATE_INFOPLIST_FILE = YES;
				IPHONEOS_DEPLOYMENT_TARGET = 18.2;
				MARKETING_VERSION = 1.0;
				PRODUCT_BUNDLE_IDENTIFIER = none.UISwitchCursoTests;
				PRODUCT_NAME = "$(TARGET_NAME)";
				SWIFT_EMIT_LOC_STRINGS = NO;
				SWIFT_VERSION = 5.0;
				TARGETED_DEVICE_FAMILY = "1,2";
				TEST_HOST = "$(BUILT_PRODUCTS_DIR)/UISwitchCurso.app/$(BUNDLE_EXECUTABLE_FOLDER_PATH)/UISwitchCurso";
			};
			name = Release;
		};
		C94081852DDBB70D0058EBA3 /* Debug */ = {
			isa = XCBuildConfiguration;
			buildSettings = {
				CODE_SIGN_STYLE = Automatic;
				CURRENT_PROJECT_VERSION = 1;
				GENERATE_INFOPLIST_FILE = YES;
				MARKETING_VERSION = 1.0;
				PRODUCT_BUNDLE_IDENTIFIER = none.UISwitchCursoUITests;
				PRODUCT_NAME = "$(TARGET_NAME)";
				SWIFT_EMIT_LOC_STRINGS = NO;
				SWIFT_VERSION = 5.0;
				TARGETED_DEVICE_FAMILY = "1,2";
				TEST_TARGET_NAME = UISwitchCurso;
			};
			name = Debug;
		};
		C94081862DDBB70D0058EBA3 /* Release */ = {
			isa = XCBuildConfiguration;
			buildSettings = {
				CODE_SIGN_STYLE = Automatic;
				CURRENT_PROJECT_VERSION = 1;
				GENERATE_INFOPLIST_FILE = YES;
				MARKETING_VERSION = 1.0;
				PRODUCT_BUNDLE_IDENTIFIER = none.UISwitchCursoUITests;
				PRODUCT_NAME = "$(TARGET_NAME)";
				SWIFT_EMIT_LOC_STRINGS = NO;
				SWIFT_VERSION = 5.0;
				TARGETED_DEVICE_FAMILY = "1,2";
				TEST_TARGET_NAME = UISwitchCurso;
			};
			name = Release;
		};
/* End XCBuildConfiguration section */

/* Begin XCConfigurationList section */
		C940814E2DDBB70C0058EBA3 /* Build configuration list for PBXProject "UISwitchCurso" */ = {
			isa = XCConfigurationList;
			buildConfigurations = (
				C940817F2DDBB70D0058EBA3 /* Debug */,
				C94081802DDBB70D0058EBA3 /* Release */,
			);
			defaultConfigurationIsVisible = 0;
			defaultConfigurationName = Release;
		};
		C940817C2DDBB70D0058EBA3 /* Build configuration list for PBXNativeTarget "UISwitchCurso" */ = {
			isa = XCConfigurationList;
			buildConfigurations = (
				C940817D2DDBB70D0058EBA3 /* Debug */,
				C940817E2DDBB70D0058EBA3 /* Release */,
			);
			defaultConfigurationIsVisible = 0;
			defaultConfigurationName = Release;
		};
		C94081812DDBB70D0058EBA3 /* Build configuration list for PBXNativeTarget "UISwitchCursoTests" */ = {
			isa = XCConfigurationList;
			buildConfigurations = (
				C94081822DDBB70D0058EBA3 /* Debug */,
				C94081832DDBB70D0058EBA3 /* Release */,
			);
			defaultConfigurationIsVisible = 0;
			defaultConfigurationName = Release;
		};
		C94081842DDBB70D0058EBA3 /* Build configuration list for PBXNativeTarget "UISwitchCursoUITests" */ = {
			isa = XCConfigurationList;
			buildConfigurations = (
				C94081852DDBB70D0058EBA3 /* Debug */,
				C94081862DDBB70D0058EBA3 /* Release */,
			);
			defaultConfigurationIsVisible = 0;
			defaultConfigurationName = Release;
		};
/* End XCConfigurationList section */
	};
	rootObject = C940814B2DDBB70C0058EBA3 /* Project object */;
}
